
Microsoft Visual Studio Solution File, Format Version 12.00
# Visual Studio 15
VisualStudioVersion = 15.0.28010.2041
MinimumVisualStudioVersion = 10.0.40219.1
Project("{FAE04EC0-301F-11D3-BF4B-00C04F79EFBC}") = "DataExtractor", "DataExtractor.csproj", "{A1E53A6D-DF8D-419E-AE86-498C1FBEC74B}"
EndProject
Global
	GlobalSection(SolutionConfigurationPlatforms) = preSolution
		Debug|Any CPU = Debug|Any CPU
		Release|Any CPU = Release|Any CPU
	EndGlobalSection
	GlobalSection(ProjectConfigurationPlatforms) = postSolution
		{A1E53A6D-DF8D-419E-AE86-498C1FBEC74B}.Debug|Any CPU.ActiveCfg = Debug|Any CPU
		{A1E53A6D-DF8D-419E-AE86-498C1FBEC74B}.Debug|Any CPU.Build.0 = Debug|Any CPU
		{A1E53A6D-DF8D-419E-AE86-498C1FBEC74B}.Release|Any CPU.ActiveCfg = Release|Any CPU
		{A1E53A6D-DF8D-419E-AE86-498C1FBEC74B}.Release|Any CPU.Build.0 = Release|Any CPU
	EndGlobalSection
	GlobalSection(SolutionProperties) = preSolution
		HideSolutionNode = FALSE
	EndGlobalSection
	GlobalSection(ExtensibilityGlobals) = postSolution
		SolutionGuid = {34EB63BE-9C76-4110-8E8E-A435EF0B4A49}
	EndGlobalSection
EndGlobal
